# THIS IS AN AUTOGENERATED FILE. DO NOT EDIT THIS FILE DIRECTLY.
# yarn lockfile v1


"@babel/runtime@^7.24.1":
  version "7.24.5"
  resolved "https://registry.yarnpkg.com/@babel/runtime/-/runtime-7.24.5.tgz#230946857c053a36ccc66e1dd03b17dd0c4ed02c"
  integrity sha512-Nms86NXrsaeU9vbBJKni6gXiEXZ4CVpYVzEjDH9Sb8vmZ3UljyA1GSOJl/6LGPO8EHLuSF9H+IxNXHPX8QHJ4g==
  dependencies:
    regenerator-runtime "^0.14.0"

clsx@^2.1.1:
  version "2.1.1"
  resolved "https://registry.yarnpkg.com/clsx/-/clsx-2.1.1.tgz#eed397c9fd8bd882bfb18deab7102049a2f32999"
  integrity sha512-eYm0QWBtUrBWZWG0d386OGAw16Z995PiOVo2B7bjWSbHedGl5e0ZWaq65kOGgUSNesEIDkB9ISbTg/JK9dhCZA==

lucide-react@^0.378.0:
  version "0.378.0"
  resolved "https://registry.yarnpkg.com/lucide-react/-/lucide-react-0.378.0.tgz#232acb99c6baedfa90959a2c0dd11327b058bde8"
  integrity sha512-u6EPU8juLUk9ytRcyapkWI18epAv3RU+6+TC23ivjR0e+glWKBobFeSgRwOIJihzktILQuy6E0E80P2jVTDR5g==

regenerator-runtime@^0.14.0:
  version "0.14.1"
  resolved "https://registry.yarnpkg.com/regenerator-runtime/-/regenerator-runtime-0.14.1.tgz#356ade10263f685dda125100cd862c1db895327f"
  integrity sha512-dYnhHh0nJoMfnkZs6GmmhFknAGRrLznOu5nc9ML+EJxGvrx6H7teuevqVqCuPcPK//3eDrrjQhehXVx9cnkGdw==

tailwind-merge@^2.3.0:
  version "2.3.0"
  resolved "https://registry.yarnpkg.com/tailwind-merge/-/tailwind-merge-2.3.0.tgz#27d2134fd00a1f77eca22bcaafdd67055917d286"
  integrity sha512-vkYrLpIP+lgR0tQCG6AP7zZXCTLc1Lnv/CCRT3BqJ9CZ3ui2++GPaGb1x/ILsINIMSYqqvrpqjUFsMNLlW99EA==
  dependencies:
    "@babel/runtime" "^7.24.1"
