# This file is automatically @generated by Cargo.
# It is not intended for manual editing.
version = 3

[[package]]
name = "bitflags"
version = "2.6.0"
source = "registry+https://github.com/rust-lang/crates.io-index"
checksum = "b048fb63fd8b5923fc5aa7b340d8e156aec7ec02f0c78fa8a6ddc2613f6f71de"

[[package]]
name = "test"
version = "0.1.0"
dependencies = [
 "wit-bindgen-rt",
]

[[package]]
name = "wit-bindgen-rt"
version = "0.28.0"
source = "registry+https://github.com/rust-lang/crates.io-index"
checksum = "d7a37bd9274cb2d4754b915d624447ec0dce9105d174361841c0826efc79ceb9"
dependencies = [
 "bitflags",
]
