# This file is automatically @generated by Cargo.
# It is not intended for manual editing.
version = 4

[[package]]
name = "e2e_account_names"
version = "0.1.0"
dependencies = [
 "psibase_names",
]

[[package]]
name = "psibase-rust-workspace-hack"
version = "0.2.0"
source = "registry+https://github.com/rust-lang/crates.io-index"
checksum = "824a4a32ab0318fedcd1c101a8d644d157741c9de1cf716a94368e6447a67946"

[[package]]
name = "psibase_names"
version = "0.23.0"
dependencies = [
 "psibase-rust-workspace-hack",
 "seahash",
]

[[package]]
name = "seahash"
version = "4.1.0"
source = "registry+https://github.com/rust-lang/crates.io-index"
checksum = "1c107b6f4780854c8b126e228ea8869f4d7b71260f962fefb57b996b8959ba6b"
